
Microsoft Visual Studio Solution File, Format Version 12.00
# Visual Studio Version 16
VisualStudioVersion = 16.0.29503.13
MinimumVisualStudioVersion = 10.0.40219.1
Project("{9A19103F-16F7-4668-BE54-9A1E7A4F7556}") = "MOD.Userservice", "MOD.Userservice\MOD.Userservice.csproj", "{1239480D-86DC-447C-BBA3-5CE76453E701}"
EndProject
Project("{9A19103F-16F7-4668-BE54-9A1E7A4F7556}") = "MOD.Technologyservice", "MOD.Technologyservice\MOD.Technologyservice.csproj", "{971D64CC-B745-469A-8777-3D198F02C1D9}"
EndProject
Project("{9A19103F-16F7-4668-BE54-9A1E7A4F7556}") = "MOD.Authenticateservice", "MOD.Authenticateservice\MOD.Authenticateservice.csproj", "{5A8F3F2D-98E3-4E87-A92B-75C26BDA7430}"
EndProject
Project("{9A19103F-16F7-4668-BE54-9A1E7A4F7556}") = "MOD.Trainingservice", "MOD.Trainingservice\MOD.Trainingservice.csproj", "{F5B0FDD6-850A-40CF-83B2-07E6062EF606}"
EndProject
Project("{9A19103F-16F7-4668-BE54-9A1E7A4F7556}") = "MOD.Paymentservice", "MOD.Paymentservice\MOD.Paymentservice.csproj", "{397D1861-411C-49BF-9AEE-B6B87028F9C7}"
EndProject
Project("{9A19103F-16F7-4668-BE54-9A1E7A4F7556}") = "MOD.APIGateway", "MOD.APIGateway\MOD.APIGateway.csproj", "{C830BABB-F6ED-4418-AD2B-1DC515D71C69}"
EndProject
Project("{FAE04EC0-301F-11D3-BF4B-00C04F79EFBC}") = "MOD.test", "MOD.test\MOD.test.csproj", "{4BED3960-8532-4B9F-A4E6-DED2FE110FE9}"
EndProject
Global
	GlobalSection(SolutionConfigurationPlatforms) = preSolution
		Debug|Any CPU = Debug|Any CPU
		Release|Any CPU = Release|Any CPU
	EndGlobalSection
	GlobalSection(ProjectConfigurationPlatforms) = postSolution
		{1239480D-86DC-447C-BBA3-5CE76453E701}.Debug|Any CPU.ActiveCfg = Debug|Any CPU
		{1239480D-86DC-447C-BBA3-5CE76453E701}.Debug|Any CPU.Build.0 = Debug|Any CPU
		{1239480D-86DC-447C-BBA3-5CE76453E701}.Release|Any CPU.ActiveCfg = Release|Any CPU
		{1239480D-86DC-447C-BBA3-5CE76453E701}.Release|Any CPU.Build.0 = Release|Any CPU
		{971D64CC-B745-469A-8777-3D198F02C1D9}.Debug|Any CPU.ActiveCfg = Debug|Any CPU
		{971D64CC-B745-469A-8777-3D198F02C1D9}.Debug|Any CPU.Build.0 = Debug|Any CPU
		{971D64CC-B745-469A-8777-3D198F02C1D9}.Release|Any CPU.ActiveCfg = Release|Any CPU
		{971D64CC-B745-469A-8777-3D198F02C1D9}.Release|Any CPU.Build.0 = Release|Any CPU
		{5A8F3F2D-98E3-4E87-A92B-75C26BDA7430}.Debug|Any CPU.ActiveCfg = Debug|Any CPU
		{5A8F3F2D-98E3-4E87-A92B-75C26BDA7430}.Debug|Any CPU.Build.0 = Debug|Any CPU
		{5A8F3F2D-98E3-4E87-A92B-75C26BDA7430}.Release|Any CPU.ActiveCfg = Release|Any CPU
		{5A8F3F2D-98E3-4E87-A92B-75C26BDA7430}.Release|Any CPU.Build.0 = Release|Any CPU
		{F5B0FDD6-850A-40CF-83B2-07E6062EF606}.Debug|Any CPU.ActiveCfg = Debug|Any CPU
		{F5B0FDD6-850A-40CF-83B2-07E6062EF606}.Debug|Any CPU.Build.0 = Debug|Any CPU
		{F5B0FDD6-850A-40CF-83B2-07E6062EF606}.Release|Any CPU.ActiveCfg = Release|Any CPU
		{F5B0FDD6-850A-40CF-83B2-07E6062EF606}.Release|Any CPU.Build.0 = Release|Any CPU
		{397D1861-411C-49BF-9AEE-B6B87028F9C7}.Debug|Any CPU.ActiveCfg = Debug|Any CPU
		{397D1861-411C-49BF-9AEE-B6B87028F9C7}.Debug|Any CPU.Build.0 = Debug|Any CPU
		{397D1861-411C-49BF-9AEE-B6B87028F9C7}.Release|Any CPU.ActiveCfg = Release|Any CPU
		{397D1861-411C-49BF-9AEE-B6B87028F9C7}.Release|Any CPU.Build.0 = Release|Any CPU
		{C830BABB-F6ED-4418-AD2B-1DC515D71C69}.Debug|Any CPU.ActiveCfg = Debug|Any CPU
		{C830BABB-F6ED-4418-AD2B-1DC515D71C69}.Debug|Any CPU.Build.0 = Debug|Any CPU
		{C830BABB-F6ED-4418-AD2B-1DC515D71C69}.Release|Any CPU.ActiveCfg = Release|Any CPU
		{C830BABB-F6ED-4418-AD2B-1DC515D71C69}.Release|Any CPU.Build.0 = Release|Any CPU
		{4BED3960-8532-4B9F-A4E6-DED2FE110FE9}.Debug|Any CPU.ActiveCfg = Debug|Any CPU
		{4BED3960-8532-4B9F-A4E6-DED2FE110FE9}.Debug|Any CPU.Build.0 = Debug|Any CPU
		{4BED3960-8532-4B9F-A4E6-DED2FE110FE9}.Release|Any CPU.ActiveCfg = Release|Any CPU
		{4BED3960-8532-4B9F-A4E6-DED2FE110FE9}.Release|Any CPU.Build.0 = Release|Any CPU
	EndGlobalSection
	GlobalSection(SolutionProperties) = preSolution
		HideSolutionNode = FALSE
	EndGlobalSection
	GlobalSection(ExtensibilityGlobals) = postSolution
		SolutionGuid = {7B1B5103-8423-4356-AA40-9094CF3AC53D}
	EndGlobalSection
EndGlobal
